
Microsoft Visual Studio Solution File, Format Version 12.00
# Visual Studio Version 16
VisualStudioVersion = 16.0.31112.23
MinimumVisualStudioVersion = 10.0.40219.1
Project("{9A19103F-16F7-4668-BE54-9A1E7A4F7556}") = "EShopFashion", "EShopFashion\EShopFashion.csproj", "{3D0F54EA-E6CE-401E-B182-3BFD91136959}"
EndProject
Project("{FAE04EC0-301F-11D3-BF4B-00C04F79EFBC}") = "EShop.Data", "EShop.Data\EShop.Data.csproj", "{6C0FC9E8-7A91-48F4-846E-B28702F41E9D}"
EndProject
Global
	GlobalSection(SolutionConfigurationPlatforms) = preSolution
		Debug|Any CPU = Debug|Any CPU
		Release|Any CPU = Release|Any CPU
	EndGlobalSection
	GlobalSection(ProjectConfigurationPlatforms) = postSolution
		{3D0F54EA-E6CE-401E-B182-3BFD91136959}.Debug|Any CPU.ActiveCfg = Debug|Any CPU
		{3D0F54EA-E6CE-401E-B182-3BFD91136959}.Debug|Any CPU.Build.0 = Debug|Any CPU
		{3D0F54EA-E6CE-401E-B182-3BFD91136959}.Release|Any CPU.ActiveCfg = Release|Any CPU
		{3D0F54EA-E6CE-401E-B182-3BFD91136959}.Release|Any CPU.Build.0 = Release|Any CPU
		{6C0FC9E8-7A91-48F4-846E-B28702F41E9D}.Debug|Any CPU.ActiveCfg = Debug|Any CPU
		{6C0FC9E8-7A91-48F4-846E-B28702F41E9D}.Debug|Any CPU.Build.0 = Debug|Any CPU
		{6C0FC9E8-7A91-48F4-846E-B28702F41E9D}.Release|Any CPU.ActiveCfg = Release|Any CPU
		{6C0FC9E8-7A91-48F4-846E-B28702F41E9D}.Release|Any CPU.Build.0 = Release|Any CPU
	EndGlobalSection
	GlobalSection(SolutionProperties) = preSolution
		HideSolutionNode = FALSE
	EndGlobalSection
	GlobalSection(ExtensibilityGlobals) = postSolution
		SolutionGuid = {26997D71-BD3C-48FC-884C-FD440F588221}
	EndGlobalSection
EndGlobal
